
Microsoft Visual Studio Solution File, Format Version 12.00
# Visual Studio Version 16
VisualStudioVersion = 16.0.29709.97
MinimumVisualStudioVersion = 10.0.40219.1
Project("{FAE04EC0-301F-11D3-BF4B-00C04F79EFBC}") = "PCAssembler", "PCAssembler\PCAssembler.csproj", "{4C757BFE-CC02-4ECE-BEDD-FC2DD83E4A8B}"
EndProject
Global
	GlobalSection(SolutionConfigurationPlatforms) = preSolution
		Debug|Any CPU = Debug|Any CPU
		Release|Any CPU = Release|Any CPU
	EndGlobalSection
	GlobalSection(ProjectConfigurationPlatforms) = postSolution
		{4C757BFE-CC02-4ECE-BEDD-FC2DD83E4A8B}.Debug|Any CPU.ActiveCfg = Debug|Any CPU
		{4C757BFE-CC02-4ECE-BEDD-FC2DD83E4A8B}.Debug|Any CPU.Build.0 = Debug|Any CPU
		{4C757BFE-CC02-4ECE-BEDD-FC2DD83E4A8B}.Release|Any CPU.ActiveCfg = Release|Any CPU
		{4C757BFE-CC02-4ECE-BEDD-FC2DD83E4A8B}.Release|Any CPU.Build.0 = Release|Any CPU
	EndGlobalSection
	GlobalSection(SolutionProperties) = preSolution
		HideSolutionNode = FALSE
	EndGlobalSection
	GlobalSection(ExtensibilityGlobals) = postSolution
		SolutionGuid = {9BD9D074-784B-4E09-BA57-D11B9339DCBA}
	EndGlobalSection
EndGlobal
